// !$*UTF8*$!
{
	archiveVersion = 1;
	classes = {
	};
	objectVersion = 46;
	objects = {

/* Begin PBXBuildFile section */
		CD9E4EFD1A0E47B1003B5034 /* AppDelegate.swift in Sources */ = {isa = PBXBuildFile; fileRef = CD9E4EFC1A0E47B1003B5034 /* AppDelegate.swift */; };
		CD9E4EFF1A0E47B1003B5034 /* ViewController.swift in Sources */ = {isa = PBXBuildFile; fileRef = CD9E4EFE1A0E47B1003B5034 /* ViewController.swift */; };
		CD9E4F021A0E47B1003B5034 /* Main.storyboard in Resources */ = {isa = PBXBuildFile; fileRef = CD9E4F001A0E47B1003B5034 /* Main.storyboard */; };
		CD9E4F041A0E47B1003B5034 /* Images.xcassets in Resources */ = {isa = PBXBuildFile; fileRef = CD9E4F031A0E47B1003B5034 /* Images.xcassets */; };
		CD9E4F071A0E47B1003B5034 /* LaunchScreen.xib in Resources */ = {isa = PBXBuildFile; fileRef = CD9E4F051A0E47B1003B5034 /* LaunchScreen.xib */; };
		CD9E4F131A0E47B1003B5034 /* GoodNightHackTests.swift in Sources */ = {isa = PBXBuildFile; fileRef = CD9E4F121A0E47B1003B5034 /* GoodNightHackTests.swift */; };
/* End PBXBuildFile section */

/* Begin PBXContainerItemProxy section */
		CD9E4F0D1A0E47B1003B5034 /* PBXContainerItemProxy */ = {
			isa = PBXContainerItemProxy;
			containerPortal = CD9E4EEF1A0E47B1003B5034 /* Project object */;
			proxyType = 1;
			remoteGlobalIDString = CD9E4EF61A0E47B1003B5034;
			remoteInfo = GoodNightHack;
		};
/* End PBXContainerItemProxy section */

/* Begin PBXFileReference section */
		CD9E4EF71A0E47B1003B5034 /* GoodNightHack.app */ = {isa = PBXFileReference; explicitFileType = wrapper.application; includeInIndex = 0; path = GoodNightHack.app; sourceTree = BUILT_PRODUCTS_DIR; };
		CD9E4EFB1A0E47B1003B5034 /* Info.plist */ = {isa = PBXFileReference; lastKnownFileType = text.plist.xml; path = Info.plist; sourceTree = "<group>"; };
		CD9E4EFC1A0E47B1003B5034 /* AppDelegate.swift */ = {isa = PBXFileReference; lastKnownFileType = sourcecode.swift; path = AppDelegate.swift; sourceTree = "<group>"; };
		CD9E4EFE1A0E47B1003B5034 /* ViewController.swift */ = {isa = PBXFileReference; lastKnownFileType = sourcecode.swift; path = ViewController.swift; sourceTree = "<group>"; };
		CD9E4F011A0E47B1003B5034 /* Base */ = {isa = PBXFileReference; lastKnownFileType = file.storyboard; name = Base; path = Base.lproj/Main.storyboard; sourceTree = "<group>"; };
		CD9E4F031A0E47B1003B5034 /* Images.xcassets */ = {isa = PBXFileReference; lastKnownFileType = folder.assetcatalog; path = Images.xcassets; sourceTree = "<group>"; };
		CD9E4F061A0E47B1003B5034 /* Base */ = {isa = PBXFileReference; lastKnownFileType = file.xib; name = Base; path = Base.lproj/LaunchScreen.xib; sourceTree = "<group>"; };
		CD9E4F0C1A0E47B1003B5034 /* GoodNightHackTests.xctest */ = {isa = PBXFileReference; explicitFileType = wrapper.cfbundle; includeInIndex = 0; path = GoodNightHackTests.xctest; sourceTree = BUILT_PRODUCTS_DIR; };
		CD9E4F111A0E47B1003B5034 /* Info.plist */ = {isa = PBXFileReference; lastKnownFileType = text.plist.xml; path = Info.plist; sourceTree = "<group>"; };
		CD9E4F121A0E47B1003B5034 /* GoodNightHackTests.swift */ = {isa = PBXFileReference; lastKnownFileType = sourcecode.swift; path = GoodNightHackTests.swift; sourceTree = "<group>"; };
/* End PBXFileReference section */

/* Begin PBXFrameworksBuildPhase section */
		CD9E4EF41A0E47B1003B5034 /* Frameworks */ = {
			isa = PBXFrameworksBuildPhase;
			buildActionMask = 2147483647;
			files = (
			);
			runOnlyForDeploymentPostprocessing = 0;
		};
		CD9E4F091A0E47B1003B5034 /* Frameworks */ = {
			isa = PBXFrameworksBuildPhase;
			buildActionMask = 2147483647;
			files = (
			);
			runOnlyForDeploymentPostprocessing = 0;
		};
/* End PBXFrameworksBuildPhase section */

/* Begin PBXGroup section */
		CD9E4EEE1A0E47B1003B5034 = {
			isa = PBXGroup;
			children = (
				CD9E4EF91A0E47B1003B5034 /* GoodNightHack */,
				CD9E4F0F1A0E47B1003B5034 /* GoodNightHackTests */,
				CD9E4EF81A0E47B1003B5034 /* Products */,
			);
			sourceTree = "<group>";
		};
		CD9E4EF81A0E47B1003B5034 /* Products */ = {
			isa = PBXGroup;
			children = (
				CD9E4EF71A0E47B1003B5034 /* GoodNightHack.app */,
				CD9E4F0C1A0E47B1003B5034 /* GoodNightHackTests.xctest */,
			);
			name = Products;
			sourceTree = "<group>";
		};
		CD9E4EF91A0E47B1003B5034 /* GoodNightHack */ = {
			isa = PBXGroup;
			children = (
				CD9E4EFC1A0E47B1003B5034 /* AppDelegate.swift */,
				CD9E4EFE1A0E47B1003B5034 /* ViewController.swift */,
				CD9E4F001A0E47B1003B5034 /* Main.storyboard */,
				CD9E4F031A0E47B1003B5034 /* Images.xcassets */,
				CD9E4F051A0E47B1003B5034 /* LaunchScreen.xib */,
				CD9E4EFA1A0E47B1003B5034 /* Supporting Files */,
			);
			path = GoodNightHack;
			sourceTree = "<group>";
		};
		CD9E4EFA1A0E47B1003B5034 /* Supporting Files */ = {
			isa = PBXGroup;
			children = (
				CD9E4EFB1A0E47B1003B5034 /* Info.plist */,
			);
			name = "Supporting Files";
			sourceTree = "<group>";
		};
		CD9E4F0F1A0E47B1003B5034 /* GoodNightHackTests */ = {
			isa = PBXGroup;
			children = (
				CD9E4F121A0E47B1003B5034 /* GoodNightHackTests.swift */,
				CD9E4F101A0E47B1003B5034 /* Supporting Files */,
			);
			path = GoodNightHackTests;
			sourceTree = "<group>";
		};
		CD9E4F101A0E47B1003B5034 /* Supporting Files */ = {
			isa = PBXGroup;
			children = (
				CD9E4F111A0E47B1003B5034 /* Info.plist */,
			);
			name = "Supporting Files";
			sourceTree = "<group>";
		};
/* End PBXGroup section */

/* Begin PBXNativeTarget section */
		CD9E4EF61A0E47B1003B5034 /* GoodNightHack */ = {
			isa = PBXNativeTarget;
			buildConfigurationList = CD9E4F161A0E47B1003B5034 /* Build configuration list for PBXNativeTarget "GoodNightHack" */;
			buildPhases = (
				CD9E4EF31A0E47B1003B5034 /* Sources */,
				CD9E4EF41A0E47B1003B5034 /* Frameworks */,
				CD9E4EF51A0E47B1003B5034 /* Resources */,
			);
			buildRules = (
			);
			dependencies = (
			);
			name = GoodNightHack;
			productName = GoodNightHack;
			productReference = CD9E4EF71A0E47B1003B5034 /* GoodNightHack.app */;
			productType = "com.apple.product-type.application";
		};
		CD9E4F0B1A0E47B1003B5034 /* GoodNightHackTests */ = {
			isa = PBXNativeTarget;
			buildConfigurationList = CD9E4F191A0E47B1003B5034 /* Build configuration list for PBXNativeTarget "GoodNightHackTests" */;
			buildPhases = (
				CD9E4F081A0E47B1003B5034 /* Sources */,
				CD9E4F091A0E47B1003B5034 /* Frameworks */,
				CD9E4F0A1A0E47B1003B5034 /* Resources */,
			);
			buildRules = (
			);
			dependencies = (
				CD9E4F0E1A0E47B1003B5034 /* PBXTargetDependency */,
			);
			name = GoodNightHackTests;
			productName = GoodNightHackTests;
			productReference = CD9E4F0C1A0E47B1003B5034 /* GoodNightHackTests.xctest */;
			productType = "com.apple.product-type.bundle.unit-test";
		};
/* End PBXNativeTarget section */

/* Begin PBXProject section */
		CD9E4EEF1A0E47B1003B5034 /* Project object */ = {
			isa = PBXProject;
			attributes = {
				LastUpgradeCheck = 0610;
				ORGANIZATIONNAME = Mistirio;
				TargetAttributes = {
					CD9E4EF61A0E47B1003B5034 = {
						CreatedOnToolsVersion = 6.1;
					};
					CD9E4F0B1A0E47B1003B5034 = {
						CreatedOnToolsVersion = 6.1;
						TestTargetID = CD9E4EF61A0E47B1003B5034;
					};
				};
			};
			buildConfigurationList = CD9E4EF21A0E47B1003B5034 /* Build configuration list for PBXProject "GoodNightHack" */;
			compatibilityVersion = "Xcode 3.2";
			developmentRegion = English;
			hasScannedForEncodings = 0;
			knownRegions = (
				en,
				Base,
			);
			mainGroup = CD9E4EEE1A0E47B1003B5034;
			productRefGroup = CD9E4EF81A0E47B1003B5034 /* Products */;
			projectDirPath = "";
			projectRoot = "";
			targets = (
				CD9E4EF61A0E47B1003B5034 /* GoodNightHack */,
				CD9E4F0B1A0E47B1003B5034 /* GoodNightHackTests */,
			);
		};
/* End PBXProject section */

/* Begin PBXResourcesBuildPhase section */
		CD9E4EF51A0E47B1003B5034 /* Resources */ = {
			isa = PBXResourcesBuildPhase;
			buildActionMask = 2147483647;
			files = (
				CD9E4F021A0E47B1003B5034 /* Main.storyboard in Resources */,
				CD9E4F071A0E47B1003B5034 /* LaunchScreen.xib in Resources */,
				CD9E4F041A0E47B1003B5034 /* Images.xcassets in Resources */,
			);
			runOnlyForDeploymentPostprocessing = 0;
		};
		CD9E4F0A1A0E47B1003B5034 /* Resources */ = {
			isa = PBXResourcesBuildPhase;
			buildActionMask = 2147483647;
			files = (
			);
			runOnlyForDeploymentPostprocessing = 0;
		};
/* End PBXResourcesBuildPhase section */

/* Begin PBXSourcesBuildPhase section */
		CD9E4EF31A0E47B1003B5034 /* Sources */ = {
			isa = PBXSourcesBuildPhase;
			buildActionMask = 2147483647;
			files = (
				CD9E4EFF1A0E47B1003B5034 /* ViewController.swift in Sources */,
				CD9E4EFD1A0E47B1003B5034 /* AppDelegate.swift in Sources */,
			);
			runOnlyForDeploymentPostprocessing = 0;
		};
		CD9E4F081A0E47B1003B5034 /* Sources */ = {
			isa = PBXSourcesBuildPhase;
			buildActionMask = 2147483647;
			files = (
				CD9E4F131A0E47B1003B5034 /* GoodNightHackTests.swift in Sources */,
			);
			runOnlyForDeploymentPostprocessing = 0;
		};
/* End PBXSourcesBuildPhase section */

/* Begin PBXTargetDependency section */
		CD9E4F0E1A0E47B1003B5034 /* PBXTargetDependency */ = {
			isa = PBXTargetDependency;
			target = CD9E4EF61A0E47B1003B5034 /* GoodNightHack */;
			targetProxy = CD9E4F0D1A0E47B1003B5034 /* PBXContainerItemProxy */;
		};
/* End PBXTargetDependency section */

/* Begin PBXVariantGroup section */
		CD9E4F001A0E47B1003B5034 /* Main.storyboard */ = {
			isa = PBXVariantGroup;
			children = (
				CD9E4F011A0E47B1003B5034 /* Base */,
			);
			name = Main.storyboard;
			sourceTree = "<group>";
		};
		CD9E4F051A0E47B1003B5034 /* LaunchScreen.xib */ = {
			isa = PBXVariantGroup;
			children = (
				CD9E4F061A0E47B1003B5034 /* Base */,
			);
			name = LaunchScreen.xib;
			sourceTree = "<group>";
		};
/* End PBXVariantGroup section */

/* Begin XCBuildConfiguration section */
		CD9E4F141A0E47B1003B5034 /* Debug */ = {
			isa = XCBuildConfiguration;
			buildSettings = {
				ALWAYS_SEARCH_USER_PATHS = NO;
				CLANG_CXX_LANGUAGE_STANDARD = "gnu++0x";
				CLANG_CXX_LIBRARY = "libc++";
				CLANG_ENABLE_MODULES = YES;
				CLANG_ENABLE_OBJC_ARC = YES;
				CLANG_WARN_BOOL_CONVERSION = YES;
				CLANG_WARN_CONSTANT_CONVERSION = YES;
				CLANG_WARN_DIRECT_OBJC_ISA_USAGE = YES_ERROR;
				CLANG_WARN_EMPTY_BODY = YES;
				CLANG_WARN_ENUM_CONVERSION = YES;
				CLANG_WARN_INT_CONVERSION = YES;
				CLANG_WARN_OBJC_ROOT_CLASS = YES_ERROR;
				CLANG_WARN_UNREACHABLE_CODE = YES;
				CLANG_WARN__DUPLICATE_METHOD_MATCH = YES;
				"CODE_SIGN_IDENTITY[sdk=iphoneos*]" = "iPhone Developer";
				COPY_PHASE_STRIP = NO;
				ENABLE_STRICT_OBJC_MSGSEND = YES;
				GCC_C_LANGUAGE_STANDARD = gnu99;
				GCC_DYNAMIC_NO_PIC = NO;
				GCC_OPTIMIZATION_LEVEL = 0;
				GCC_PREPROCESSOR_DEFINITIONS = (
					"DEBUG=1",
					"$(inherited)",
				);
				GCC_SYMBOLS_PRIVATE_EXTERN = NO;
				GCC_WARN_64_TO_32_BIT_CONVERSION = YES;
				GCC_WARN_ABOUT_RETURN_TYPE = YES_ERROR;
				GCC_WARN_UNDECLARED_SELECTOR = YES;
				GCC_WARN_UNINITIALIZED_AUTOS = YES_AGGRESSIVE;
				GCC_WARN_UNUSED_FUNCTION = YES;
				GCC_WARN_UNUSED_VARIABLE = YES;
				IPHONEOS_DEPLOYMENT_TARGET = 8.1;
				MTL_ENABLE_DEBUG_INFO = YES;
				ONLY_ACTIVE_ARCH = YES;
				SDKROOT = iphoneos;
				SWIFT_OPTIMIZATION_LEVEL = "-Onone";
				TARGETED_DEVICE_FAMILY = "1,2";
			};
			name = Debug;
		};
		CD9E4F151A0E47B1003B5034 /* Release */ = {
			isa = XCBuildConfiguration;
			buildSettings = {
				ALWAYS_SEARCH_USER_PATHS = NO;
				CLANG_CXX_LANGUAGE_STANDARD = "gnu++0x";
				CLANG_CXX_LIBRARY = "libc++";
				CLANG_ENABLE_MODULES = YES;
				CLANG_ENABLE_OBJC_ARC = YES;
				CLANG_WARN_BOOL_CONVERSION = YES;
				CLANG_WARN_CONSTANT_CONVERSION = YES;
				CLANG_WARN_DIRECT_OBJC_ISA_USAGE = YES_ERROR;
				CLANG_WARN_EMPTY_BODY = YES;
				CLANG_WARN_ENUM_CONVERSION = YES;
				CLANG_WARN_INT_CONVERSION = YES;
				CLANG_WARN_OBJC_ROOT_CLASS = YES_ERROR;
				CLANG_WARN_UNREACHABLE_CODE = YES;
				CLANG_WARN__DUPLICATE_METHOD_MATCH = YES;
				"CODE_SIGN_IDENTITY[sdk=iphoneos*]" = "iPhone Developer";
				COPY_PHASE_STRIP = YES;
				ENABLE_NS_ASSERTIONS = NO;
				ENABLE_STRICT_OBJC_MSGSEND = YES;
				GCC_C_LANGUAGE_STANDARD = gnu99;
				GCC_WARN_64_TO_32_BIT_CONVERSION = YES;
				GCC_WARN_ABOUT_RETURN_TYPE = YES_ERROR;
				GCC_WARN_UNDECLARED_SELECTOR = YES;
				GCC_WARN_UNINITIALIZED_AUTOS = YES_AGGRESSIVE;
				GCC_WARN_UNUSED_FUNCTION = YES;
				GCC_WARN_UNUSED_VARIABLE = YES;
				IPHONEOS_DEPLOYMENT_TARGET = 8.1;
				MTL_ENABLE_DEBUG_INFO = NO;
				SDKROOT = iphoneos;
				TARGETED_DEVICE_FAMILY = "1,2";
				VALIDATE_PRODUCT = YES;
			};
			name = Release;
		};
		CD9E4F171A0E47B1003B5034 /* Debug */ = {
			isa = XCBuildConfiguration;
			buildSettings = {
				ASSETCATALOG_COMPILER_APPICON_NAME = AppIcon;
				INFOPLIST_FILE = GoodNightHack/Info.plist;
				LD_RUNPATH_SEARCH_PATHS = "$(inherited) @executable_path/Frameworks";
				PRODUCT_NAME = "$(TARGET_NAME)";
			};
			name = Debug;
		};
		CD9E4F181A0E47B1003B5034 /* Release */ = {
			isa = XCBuildConfiguration;
			buildSettings = {
				ASSETCATALOG_COMPILER_APPICON_NAME = AppIcon;
				INFOPLIST_FILE = GoodNightHack/Info.plist;
				LD_RUNPATH_SEARCH_PATHS = "$(inherited) @executable_path/Frameworks";
				PRODUCT_NAME = "$(TARGET_NAME)";
			};
			name = Release;
		};
		CD9E4F1A1A0E47B1003B5034 /* Debug */ = {
			isa = XCBuildConfiguration;
			buildSettings = {
				BUNDLE_LOADER = "$(TEST_HOST)";
				FRAMEWORK_SEARCH_PATHS = (
					"$(SDKROOT)/Developer/Library/Frameworks",
					"$(inherited)",
				);
				GCC_PREPROCESSOR_DEFINITIONS = (
					"DEBUG=1",
					"$(inherited)",
				);
				INFOPLIST_FILE = GoodNightHackTests/Info.plist;
				LD_RUNPATH_SEARCH_PATHS = "$(inherited) @executable_path/Frameworks @loader_path/Frameworks";
				PRODUCT_NAME = "$(TARGET_NAME)";
				TEST_HOST = "$(BUILT_PRODUCTS_DIR)/GoodNightHack.app/GoodNightHack";
			};
			name = Debug;
		};
		CD9E4F1B1A0E47B1003B5034 /* Release */ = {
			isa = XCBuildConfiguration;
			buildSettings = {
				BUNDLE_LOADER = "$(TEST_HOST)";
				FRAMEWORK_SEARCH_PATHS = (
					"$(SDKROOT)/Developer/Library/Frameworks",
					"$(inherited)",
				);
				INFOPLIST_FILE = GoodNightHackTests/Info.plist;
				LD_RUNPATH_SEARCH_PATHS = "$(inherited) @executable_path/Frameworks @loader_path/Frameworks";
				PRODUCT_NAME = "$(TARGET_NAME)";
				TEST_HOST = "$(BUILT_PRODUCTS_DIR)/GoodNightHack.app/GoodNightHack";
			};
			name = Release;
		};
/* End XCBuildConfiguration section */

/* Begin XCConfigurationList section */
		CD9E4EF21A0E47B1003B5034 /* Build configuration list for PBXProject "GoodNightHack" */ = {
			isa = XCConfigurationList;
			buildConfigurations = (
				CD9E4F141A0E47B1003B5034 /* Debug */,
				CD9E4F151A0E47B1003B5034 /* Release */,
			);
			defaultConfigurationIsVisible = 0;
			defaultConfigurationName = Release;
		};
		CD9E4F161A0E47B1003B5034 /* Build configuration list for PBXNativeTarget "GoodNightHack" */ = {
			isa = XCConfigurationList;
			buildConfigurations = (
				CD9E4F171A0E47B1003B5034 /* Debug */,
				CD9E4F181A0E47B1003B5034 /* Release */,
			);
			defaultConfigurationIsVisible = 0;
		};
		CD9E4F191A0E47B1003B5034 /* Build configuration list for PBXNativeTarget "GoodNightHackTests" */ = {
			isa = XCConfigurationList;
			buildConfigurations = (
				CD9E4F1A1A0E47B1003B5034 /* Debug */,
				CD9E4F1B1A0E47B1003B5034 /* Release */,
			);
			defaultConfigurationIsVisible = 0;
		};
/* End XCConfigurationList section */
	};
	rootObject = CD9E4EEF1A0E47B1003B5034 /* Project object */;
}
